
Microsoft Visual Studio Solution File, Format Version 12.00
# Visual Studio 15
VisualStudioVersion = 15.0.27130.2010
MinimumVisualStudioVersion = 10.0.40219.1
Project("{FAE04EC0-301F-11D3-BF4B-00C04F79EFBC}") = "Target.UWP", "Target\Target.UWP\Target.UWP.csproj", "{3C3FEDEA-A0FF-4553-AFD2-331BDD2634B6}"
EndProject
Project("{FAE04EC0-301F-11D3-BF4B-00C04F79EFBC}") = "Target.iOS", "Target\Target.iOS\Target.iOS.csproj", "{FB9498D1-9034-4BDA-9621-4ACD988CE404}"
EndProject
Project("{2150E333-8FDC-42A3-9474-1A3956D46DE8}") = "Tests", "Tests", "{7F30CE21-8848-4E2C-B49A-CF29236F55B1}"
EndProject
Project("{2150E333-8FDC-42A3-9474-1A3956D46DE8}") = "Solution Items", "Solution Items", "{853666CC-1E02-403C-A16F-208665FF895C}"
	ProjectSection(SolutionItems) = preProject
		README.md = README.md
	EndProjectSection
EndProject
Project("{FAE04EC0-301F-11D3-BF4B-00C04F79EFBC}") = "Target.Android", "Target\Target.Android\Target.Android.csproj", "{B161CB80-C99C-4736-9CF1-6350B3A68487}"
EndProject
Project("{9A19103F-16F7-4668-BE54-9A1E7A4F7556}") = "Target", "Target\Target\Target.csproj", "{A3A41A5C-0660-4135-9B69-BA9AAE85A472}"
EndProject
Project("{FAE04EC0-301F-11D3-BF4B-00C04F79EFBC}") = "UnitTests", "UnitTests\UnitTests.csproj", "{7520A0E8-CC48-49A9-BDF0-3E60762D66AA}"
EndProject
Global
	GlobalSection(SolutionConfigurationPlatforms) = preSolution
		Ad-Hoc|Any CPU = Ad-Hoc|Any CPU
		Ad-Hoc|ARM = Ad-Hoc|ARM
		Ad-Hoc|iPhone = Ad-Hoc|iPhone
		Ad-Hoc|iPhoneSimulator = Ad-Hoc|iPhoneSimulator
		Ad-Hoc|x64 = Ad-Hoc|x64
		Ad-Hoc|x86 = Ad-Hoc|x86
		AppStore|Any CPU = AppStore|Any CPU
		AppStore|ARM = AppStore|ARM
		AppStore|iPhone = AppStore|iPhone
		AppStore|iPhoneSimulator = AppStore|iPhoneSimulator
		AppStore|x64 = AppStore|x64
		AppStore|x86 = AppStore|x86
		Debug|Any CPU = Debug|Any CPU
		Debug|ARM = Debug|ARM
		Debug|iPhone = Debug|iPhone
		Debug|iPhoneSimulator = Debug|iPhoneSimulator
		Debug|x64 = Debug|x64
		Debug|x86 = Debug|x86
		Release|Any CPU = Release|Any CPU
		Release|ARM = Release|ARM
		Release|iPhone = Release|iPhone
		Release|iPhoneSimulator = Release|iPhoneSimulator
		Release|x64 = Release|x64
		Release|x86 = Release|x86
	EndGlobalSection
	GlobalSection(ProjectConfigurationPlatforms) = postSolution
		{3C3FEDEA-A0FF-4553-AFD2-331BDD2634B6}.Ad-Hoc|Any CPU.ActiveCfg = Release|x86
		{3C3FEDEA-A0FF-4553-AFD2-331BDD2634B6}.Ad-Hoc|Any CPU.Build.0 = Release|x86
		{3C3FEDEA-A0FF-4553-AFD2-331BDD2634B6}.Ad-Hoc|Any CPU.Deploy.0 = Release|x86
		{3C3FEDEA-A0FF-4553-AFD2-331BDD2634B6}.Ad-Hoc|ARM.ActiveCfg = Release|ARM
		{3C3FEDEA-A0FF-4553-AFD2-331BDD2634B6}.Ad-Hoc|ARM.Build.0 = Release|ARM
		{3C3FEDEA-A0FF-4553-AFD2-331BDD2634B6}.Ad-Hoc|ARM.Deploy.0 = Release|ARM
		{3C3FEDEA-A0FF-4553-AFD2-331BDD2634B6}.Ad-Hoc|iPhone.ActiveCfg = Release|x86
		{3C3FEDEA-A0FF-4553-AFD2-331BDD2634B6}.Ad-Hoc|iPhone.Build.0 = Release|x86
		{3C3FEDEA-A0FF-4553-AFD2-331BDD2634B6}.Ad-Hoc|iPhone.Deploy.0 = Release|x86
		{3C3FEDEA-A0FF-4553-AFD2-331BDD2634B6}.Ad-Hoc|iPhoneSimulator.ActiveCfg = Release|x86
		{3C3FEDEA-A0FF-4553-AFD2-331BDD2634B6}.Ad-Hoc|iPhoneSimulator.Build.0 = Release|x86
		{3C3FEDEA-A0FF-4553-AFD2-331BDD2634B6}.Ad-Hoc|iPhoneSimulator.Deploy.0 = Release|x86
		{3C3FEDEA-A0FF-4553-AFD2-331BDD2634B6}.Ad-Hoc|x64.ActiveCfg = Release|x64
		{3C3FEDEA-A0FF-4553-AFD2-331BDD2634B6}.Ad-Hoc|x64.Build.0 = Release|x64
		{3C3FEDEA-A0FF-4553-AFD2-331BDD2634B6}.Ad-Hoc|x64.Deploy.0 = Release|x64
		{3C3FEDEA-A0FF-4553-AFD2-331BDD2634B6}.Ad-Hoc|x86.ActiveCfg = Release|x86
		{3C3FEDEA-A0FF-4553-AFD2-331BDD2634B6}.Ad-Hoc|x86.Build.0 = Release|x86
		{3C3FEDEA-A0FF-4553-AFD2-331BDD2634B6}.Ad-Hoc|x86.Deploy.0 = Release|x86
		{3C3FEDEA-A0FF-4553-AFD2-331BDD2634B6}.AppStore|Any CPU.ActiveCfg = Release|x86
		{3C3FEDEA-A0FF-4553-AFD2-331BDD2634B6}.AppStore|Any CPU.Build.0 = Release|x86
		{3C3FEDEA-A0FF-4553-AFD2-331BDD2634B6}.AppStore|Any CPU.Deploy.0 = Release|x86
		{3C3FEDEA-A0FF-4553-AFD2-331BDD2634B6}.AppStore|ARM.ActiveCfg = Release|ARM
		{3C3FEDEA-A0FF-4553-AFD2-331BDD2634B6}.AppStore|ARM.Build.0 = Release|ARM
		{3C3FEDEA-A0FF-4553-AFD2-331BDD2634B6}.AppStore|ARM.Deploy.0 = Release|ARM
		{3C3FEDEA-A0FF-4553-AFD2-331BDD2634B6}.AppStore|iPhone.ActiveCfg = Release|x86
		{3C3FEDEA-A0FF-4553-AFD2-331BDD2634B6}.AppStore|iPhone.Build.0 = Release|x86
		{3C3FEDEA-A0FF-4553-AFD2-331BDD2634B6}.AppStore|iPhone.Deploy.0 = Release|x86
		{3C3FEDEA-A0FF-4553-AFD2-331BDD2634B6}.AppStore|iPhoneSimulator.ActiveCfg = Release|x86
		{3C3FEDEA-A0FF-4553-AFD2-331BDD2634B6}.AppStore|iPhoneSimulator.Build.0 = Release|x86
		{3C3FEDEA-A0FF-4553-AFD2-331BDD2634B6}.AppStore|iPhoneSimulator.Deploy.0 = Release|x86
		{3C3FEDEA-A0FF-4553-AFD2-331BDD2634B6}.AppStore|x64.ActiveCfg = Release|x64
		{3C3FEDEA-A0FF-4553-AFD2-331BDD2634B6}.AppStore|x64.Build.0 = Release|x64
		{3C3FEDEA-A0FF-4553-AFD2-331BDD2634B6}.AppStore|x64.Deploy.0 = Release|x64
		{3C3FEDEA-A0FF-4553-AFD2-331BDD2634B6}.AppStore|x86.ActiveCfg = Release|x86
		{3C3FEDEA-A0FF-4553-AFD2-331BDD2634B6}.AppStore|x86.Build.0 = Release|x86
		{3C3FEDEA-A0FF-4553-AFD2-331BDD2634B6}.AppStore|x86.Deploy.0 = Release|x86
		{3C3FEDEA-A0FF-4553-AFD2-331BDD2634B6}.Debug|Any CPU.ActiveCfg = Debug|x86
		{3C3FEDEA-A0FF-4553-AFD2-331BDD2634B6}.Debug|ARM.ActiveCfg = Debug|ARM
		{3C3FEDEA-A0FF-4553-AFD2-331BDD2634B6}.Debug|ARM.Build.0 = Debug|ARM
		{3C3FEDEA-A0FF-4553-AFD2-331BDD2634B6}.Debug|ARM.Deploy.0 = Debug|ARM
		{3C3FEDEA-A0FF-4553-AFD2-331BDD2634B6}.Debug|iPhone.ActiveCfg = Debug|x86
		{3C3FEDEA-A0FF-4553-AFD2-331BDD2634B6}.Debug|iPhoneSimulator.ActiveCfg = Debug|x86
		{3C3FEDEA-A0FF-4553-AFD2-331BDD2634B6}.Debug|x64.ActiveCfg = Debug|x64
		{3C3FEDEA-A0FF-4553-AFD2-331BDD2634B6}.Debug|x64.Build.0 = Debug|x64
		{3C3FEDEA-A0FF-4553-AFD2-331BDD2634B6}.Debug|x64.Deploy.0 = Debug|x64
		{3C3FEDEA-A0FF-4553-AFD2-331BDD2634B6}.Debug|x86.ActiveCfg = Debug|x86
		{3C3FEDEA-A0FF-4553-AFD2-331BDD2634B6}.Debug|x86.Build.0 = Debug|x86
		{3C3FEDEA-A0FF-4553-AFD2-331BDD2634B6}.Debug|x86.Deploy.0 = Debug|x86
		{3C3FEDEA-A0FF-4553-AFD2-331BDD2634B6}.Release|Any CPU.ActiveCfg = Release|x86
		{3C3FEDEA-A0FF-4553-AFD2-331BDD2634B6}.Release|ARM.ActiveCfg = Release|ARM
		{3C3FEDEA-A0FF-4553-AFD2-331BDD2634B6}.Release|ARM.Build.0 = Release|ARM
		{3C3FEDEA-A0FF-4553-AFD2-331BDD2634B6}.Release|ARM.Deploy.0 = Release|ARM
		{3C3FEDEA-A0FF-4553-AFD2-331BDD2634B6}.Release|iPhone.ActiveCfg = Release|x86
		{3C3FEDEA-A0FF-4553-AFD2-331BDD2634B6}.Release|iPhoneSimulator.ActiveCfg = Release|x86
		{3C3FEDEA-A0FF-4553-AFD2-331BDD2634B6}.Release|x64.ActiveCfg = Release|x64
		{3C3FEDEA-A0FF-4553-AFD2-331BDD2634B6}.Release|x64.Build.0 = Release|x64
		{3C3FEDEA-A0FF-4553-AFD2-331BDD2634B6}.Release|x64.Deploy.0 = Release|x64
		{3C3FEDEA-A0FF-4553-AFD2-331BDD2634B6}.Release|x86.ActiveCfg = Release|x86
		{3C3FEDEA-A0FF-4553-AFD2-331BDD2634B6}.Release|x86.Build.0 = Release|x86
		{3C3FEDEA-A0FF-4553-AFD2-331BDD2634B6}.Release|x86.Deploy.0 = Release|x86
		{FB9498D1-9034-4BDA-9621-4ACD988CE404}.Ad-Hoc|Any CPU.ActiveCfg = Ad-Hoc|iPhoneSimulator
		{FB9498D1-9034-4BDA-9621-4ACD988CE404}.Ad-Hoc|ARM.ActiveCfg = Ad-Hoc|iPhone
		{FB9498D1-9034-4BDA-9621-4ACD988CE404}.Ad-Hoc|iPhone.ActiveCfg = Ad-Hoc|iPhone
		{FB9498D1-9034-4BDA-9621-4ACD988CE404}.Ad-Hoc|iPhone.Build.0 = Ad-Hoc|iPhone
		{FB9498D1-9034-4BDA-9621-4ACD988CE404}.Ad-Hoc|iPhoneSimulator.ActiveCfg = Ad-Hoc|iPhoneSimulator
		{FB9498D1-9034-4BDA-9621-4ACD988CE404}.Ad-Hoc|iPhoneSimulator.Build.0 = Ad-Hoc|iPhoneSimulator
		{FB9498D1-9034-4BDA-9621-4ACD988CE404}.Ad-Hoc|x64.ActiveCfg = Ad-Hoc|iPhone
		{FB9498D1-9034-4BDA-9621-4ACD988CE404}.Ad-Hoc|x86.ActiveCfg = Ad-Hoc|iPhone
		{FB9498D1-9034-4BDA-9621-4ACD988CE404}.AppStore|Any CPU.ActiveCfg = AppStore|iPhoneSimulator
		{FB9498D1-9034-4BDA-9621-4ACD988CE404}.AppStore|ARM.ActiveCfg = AppStore|iPhone
		{FB9498D1-9034-4BDA-9621-4ACD988CE404}.AppStore|iPhone.ActiveCfg = AppStore|iPhone
		{FB9498D1-9034-4BDA-9621-4ACD988CE404}.AppStore|iPhone.Build.0 = AppStore|iPhone
		{FB9498D1-9034-4BDA-9621-4ACD988CE404}.AppStore|iPhoneSimulator.ActiveCfg = AppStore|iPhoneSimulator
		{FB9498D1-9034-4BDA-9621-4ACD988CE404}.AppStore|iPhoneSimulator.Build.0 = AppStore|iPhoneSimulator
		{FB9498D1-9034-4BDA-9621-4ACD988CE404}.AppStore|x64.ActiveCfg = AppStore|iPhone
		{FB9498D1-9034-4BDA-9621-4ACD988CE404}.AppStore|x86.ActiveCfg = AppStore|iPhone
		{FB9498D1-9034-4BDA-9621-4ACD988CE404}.Debug|Any CPU.ActiveCfg = Debug|iPhoneSimulator
		{FB9498D1-9034-4BDA-9621-4ACD988CE404}.Debug|ARM.ActiveCfg = Debug|iPhone
		{FB9498D1-9034-4BDA-9621-4ACD988CE404}.Debug|iPhone.ActiveCfg = Debug|iPhone
		{FB9498D1-9034-4BDA-9621-4ACD988CE404}.Debug|iPhone.Build.0 = Debug|iPhone
		{FB9498D1-9034-4BDA-9621-4ACD988CE404}.Debug|iPhoneSimulator.ActiveCfg = Debug|iPhoneSimulator
		{FB9498D1-9034-4BDA-9621-4ACD988CE404}.Debug|iPhoneSimulator.Build.0 = Debug|iPhoneSimulator
		{FB9498D1-9034-4BDA-9621-4ACD988CE404}.Debug|x64.ActiveCfg = Debug|iPhone
		{FB9498D1-9034-4BDA-9621-4ACD988CE404}.Debug|x86.ActiveCfg = Debug|iPhone
		{FB9498D1-9034-4BDA-9621-4ACD988CE404}.Release|Any CPU.ActiveCfg = Release|iPhoneSimulator
		{FB9498D1-9034-4BDA-9621-4ACD988CE404}.Release|ARM.ActiveCfg = Release|iPhone
		{FB9498D1-9034-4BDA-9621-4ACD988CE404}.Release|iPhone.ActiveCfg = Release|iPhone
		{FB9498D1-9034-4BDA-9621-4ACD988CE404}.Release|iPhone.Build.0 = Release|iPhone
		{FB9498D1-9034-4BDA-9621-4ACD988CE404}.Release|iPhoneSimulator.ActiveCfg = Release|iPhoneSimulator
		{FB9498D1-9034-4BDA-9621-4ACD988CE404}.Release|iPhoneSimulator.Build.0 = Release|iPhoneSimulator
		{FB9498D1-9034-4BDA-9621-4ACD988CE404}.Release|x64.ActiveCfg = Release|iPhone
		{FB9498D1-9034-4BDA-9621-4ACD988CE404}.Release|x86.ActiveCfg = Release|iPhone
		{B161CB80-C99C-4736-9CF1-6350B3A68487}.Ad-Hoc|Any CPU.ActiveCfg = Release|Any CPU
		{B161CB80-C99C-4736-9CF1-6350B3A68487}.Ad-Hoc|Any CPU.Build.0 = Release|Any CPU
		{B161CB80-C99C-4736-9CF1-6350B3A68487}.Ad-Hoc|Any CPU.Deploy.0 = Release|Any CPU
		{B161CB80-C99C-4736-9CF1-6350B3A68487}.Ad-Hoc|ARM.ActiveCfg = Release|Any CPU
		{B161CB80-C99C-4736-9CF1-6350B3A68487}.Ad-Hoc|ARM.Build.0 = Release|Any CPU
		{B161CB80-C99C-4736-9CF1-6350B3A68487}.Ad-Hoc|ARM.Deploy.0 = Release|Any CPU
		{B161CB80-C99C-4736-9CF1-6350B3A68487}.Ad-Hoc|iPhone.ActiveCfg = Release|Any CPU
		{B161CB80-C99C-4736-9CF1-6350B3A68487}.Ad-Hoc|iPhone.Build.0 = Release|Any CPU
		{B161CB80-C99C-4736-9CF1-6350B3A68487}.Ad-Hoc|iPhone.Deploy.0 = Release|Any CPU
		{B161CB80-C99C-4736-9CF1-6350B3A68487}.Ad-Hoc|iPhoneSimulator.ActiveCfg = Release|Any CPU
		{B161CB80-C99C-4736-9CF1-6350B3A68487}.Ad-Hoc|iPhoneSimulator.Build.0 = Release|Any CPU
		{B161CB80-C99C-4736-9CF1-6350B3A68487}.Ad-Hoc|iPhoneSimulator.Deploy.0 = Release|Any CPU
		{B161CB80-C99C-4736-9CF1-6350B3A68487}.Ad-Hoc|x64.ActiveCfg = Release|Any CPU
		{B161CB80-C99C-4736-9CF1-6350B3A68487}.Ad-Hoc|x64.Build.0 = Release|Any CPU
		{B161CB80-C99C-4736-9CF1-6350B3A68487}.Ad-Hoc|x64.Deploy.0 = Release|Any CPU
		{B161CB80-C99C-4736-9CF1-6350B3A68487}.Ad-Hoc|x86.ActiveCfg = Release|Any CPU
		{B161CB80-C99C-4736-9CF1-6350B3A68487}.Ad-Hoc|x86.Build.0 = Release|Any CPU
		{B161CB80-C99C-4736-9CF1-6350B3A68487}.Ad-Hoc|x86.Deploy.0 = Release|Any CPU
		{B161CB80-C99C-4736-9CF1-6350B3A68487}.AppStore|Any CPU.ActiveCfg = Release|Any CPU
		{B161CB80-C99C-4736-9CF1-6350B3A68487}.AppStore|Any CPU.Build.0 = Release|Any CPU
		{B161CB80-C99C-4736-9CF1-6350B3A68487}.AppStore|Any CPU.Deploy.0 = Release|Any CPU
		{B161CB80-C99C-4736-9CF1-6350B3A68487}.AppStore|ARM.ActiveCfg = Release|Any CPU
		{B161CB80-C99C-4736-9CF1-6350B3A68487}.AppStore|ARM.Build.0 = Release|Any CPU
		{B161CB80-C99C-4736-9CF1-6350B3A68487}.AppStore|ARM.Deploy.0 = Release|Any CPU
		{B161CB80-C99C-4736-9CF1-6350B3A68487}.AppStore|iPhone.ActiveCfg = Release|Any CPU
		{B161CB80-C99C-4736-9CF1-6350B3A68487}.AppStore|iPhone.Build.0 = Release|Any CPU
		{B161CB80-C99C-4736-9CF1-6350B3A68487}.AppStore|iPhone.Deploy.0 = Release|Any CPU
		{B161CB80-C99C-4736-9CF1-6350B3A68487}.AppStore|iPhoneSimulator.ActiveCfg = Release|Any CPU
		{B161CB80-C99C-4736-9CF1-6350B3A68487}.AppStore|iPhoneSimulator.Build.0 = Release|Any CPU
		{B161CB80-C99C-4736-9CF1-6350B3A68487}.AppStore|iPhoneSimulator.Deploy.0 = Release|Any CPU
		{B161CB80-C99C-4736-9CF1-6350B3A68487}.AppStore|x64.ActiveCfg = Release|Any CPU
		{B161CB80-C99C-4736-9CF1-6350B3A68487}.AppStore|x64.Build.0 = Release|Any CPU
		{B161CB80-C99C-4736-9CF1-6350B3A68487}.AppStore|x64.Deploy.0 = Release|Any CPU
		{B161CB80-C99C-4736-9CF1-6350B3A68487}.AppStore|x86.ActiveCfg = Release|Any CPU
		{B161CB80-C99C-4736-9CF1-6350B3A68487}.AppStore|x86.Build.0 = Release|Any CPU
		{B161CB80-C99C-4736-9CF1-6350B3A68487}.AppStore|x86.Deploy.0 = Release|Any CPU
		{B161CB80-C99C-4736-9CF1-6350B3A68487}.Debug|Any CPU.ActiveCfg = Debug|Any CPU
		{B161CB80-C99C-4736-9CF1-6350B3A68487}.Debug|Any CPU.Build.0 = Debug|Any CPU
		{B161CB80-C99C-4736-9CF1-6350B3A68487}.Debug|Any CPU.Deploy.0 = Debug|Any CPU
		{B161CB80-C99C-4736-9CF1-6350B3A68487}.Debug|ARM.ActiveCfg = Debug|Any CPU
		{B161CB80-C99C-4736-9CF1-6350B3A68487}.Debug|ARM.Build.0 = Debug|Any CPU
		{B161CB80-C99C-4736-9CF1-6350B3A68487}.Debug|ARM.Deploy.0 = Debug|Any CPU
		{B161CB80-C99C-4736-9CF1-6350B3A68487}.Debug|iPhone.ActiveCfg = Debug|Any CPU
		{B161CB80-C99C-4736-9CF1-6350B3A68487}.Debug|iPhone.Build.0 = Debug|Any CPU
		{B161CB80-C99C-4736-9CF1-6350B3A68487}.Debug|iPhone.Deploy.0 = Debug|Any CPU
		{B161CB80-C99C-4736-9CF1-6350B3A68487}.Debug|iPhoneSimulator.ActiveCfg = Debug|Any CPU
		{B161CB80-C99C-4736-9CF1-6350B3A68487}.Debug|iPhoneSimulator.Build.0 = Debug|Any CPU
		{B161CB80-C99C-4736-9CF1-6350B3A68487}.Debug|iPhoneSimulator.Deploy.0 = Debug|Any CPU
		{B161CB80-C99C-4736-9CF1-6350B3A68487}.Debug|x64.ActiveCfg = Debug|Any CPU
		{B161CB80-C99C-4736-9CF1-6350B3A68487}.Debug|x64.Build.0 = Debug|Any CPU
		{B161CB80-C99C-4736-9CF1-6350B3A68487}.Debug|x64.Deploy.0 = Debug|Any CPU
		{B161CB80-C99C-4736-9CF1-6350B3A68487}.Debug|x86.ActiveCfg = Debug|Any CPU
		{B161CB80-C99C-4736-9CF1-6350B3A68487}.Debug|x86.Build.0 = Debug|Any CPU
		{B161CB80-C99C-4736-9CF1-6350B3A68487}.Debug|x86.Deploy.0 = Debug|Any CPU
		{B161CB80-C99C-4736-9CF1-6350B3A68487}.Release|Any CPU.ActiveCfg = Release|Any CPU
		{B161CB80-C99C-4736-9CF1-6350B3A68487}.Release|Any CPU.Build.0 = Release|Any CPU
		{B161CB80-C99C-4736-9CF1-6350B3A68487}.Release|Any CPU.Deploy.0 = Release|Any CPU
		{B161CB80-C99C-4736-9CF1-6350B3A68487}.Release|ARM.ActiveCfg = Release|Any CPU
		{B161CB80-C99C-4736-9CF1-6350B3A68487}.Release|ARM.Build.0 = Release|Any CPU
		{B161CB80-C99C-4736-9CF1-6350B3A68487}.Release|ARM.Deploy.0 = Release|Any CPU
		{B161CB80-C99C-4736-9CF1-6350B3A68487}.Release|iPhone.ActiveCfg = Release|Any CPU
		{B161CB80-C99C-4736-9CF1-6350B3A68487}.Release|iPhone.Build.0 = Release|Any CPU
		{B161CB80-C99C-4736-9CF1-6350B3A68487}.Release|iPhone.Deploy.0 = Release|Any CPU
		{B161CB80-C99C-4736-9CF1-6350B3A68487}.Release|iPhoneSimulator.ActiveCfg = Release|Any CPU
		{B161CB80-C99C-4736-9CF1-6350B3A68487}.Release|iPhoneSimulator.Build.0 = Release|Any CPU
		{B161CB80-C99C-4736-9CF1-6350B3A68487}.Release|iPhoneSimulator.Deploy.0 = Release|Any CPU
		{B161CB80-C99C-4736-9CF1-6350B3A68487}.Release|x64.ActiveCfg = Release|Any CPU
		{B161CB80-C99C-4736-9CF1-6350B3A68487}.Release|x64.Build.0 = Release|Any CPU
		{B161CB80-C99C-4736-9CF1-6350B3A68487}.Release|x64.Deploy.0 = Release|Any CPU
		{B161CB80-C99C-4736-9CF1-6350B3A68487}.Release|x86.ActiveCfg = Release|Any CPU
		{B161CB80-C99C-4736-9CF1-6350B3A68487}.Release|x86.Build.0 = Release|Any CPU
		{B161CB80-C99C-4736-9CF1-6350B3A68487}.Release|x86.Deploy.0 = Release|Any CPU
		{A3A41A5C-0660-4135-9B69-BA9AAE85A472}.Ad-Hoc|Any CPU.ActiveCfg = Debug|Any CPU
		{A3A41A5C-0660-4135-9B69-BA9AAE85A472}.Ad-Hoc|Any CPU.Build.0 = Debug|Any CPU
		{A3A41A5C-0660-4135-9B69-BA9AAE85A472}.Ad-Hoc|ARM.ActiveCfg = Debug|Any CPU
		{A3A41A5C-0660-4135-9B69-BA9AAE85A472}.Ad-Hoc|ARM.Build.0 = Debug|Any CPU
		{A3A41A5C-0660-4135-9B69-BA9AAE85A472}.Ad-Hoc|iPhone.ActiveCfg = Debug|Any CPU
		{A3A41A5C-0660-4135-9B69-BA9AAE85A472}.Ad-Hoc|iPhone.Build.0 = Debug|Any CPU
		{A3A41A5C-0660-4135-9B69-BA9AAE85A472}.Ad-Hoc|iPhoneSimulator.ActiveCfg = Debug|Any CPU
		{A3A41A5C-0660-4135-9B69-BA9AAE85A472}.Ad-Hoc|iPhoneSimulator.Build.0 = Debug|Any CPU
		{A3A41A5C-0660-4135-9B69-BA9AAE85A472}.Ad-Hoc|x64.ActiveCfg = Debug|Any CPU
		{A3A41A5C-0660-4135-9B69-BA9AAE85A472}.Ad-Hoc|x64.Build.0 = Debug|Any CPU
		{A3A41A5C-0660-4135-9B69-BA9AAE85A472}.Ad-Hoc|x86.ActiveCfg = Debug|Any CPU
		{A3A41A5C-0660-4135-9B69-BA9AAE85A472}.Ad-Hoc|x86.Build.0 = Debug|Any CPU
		{A3A41A5C-0660-4135-9B69-BA9AAE85A472}.AppStore|Any CPU.ActiveCfg = Debug|Any CPU
		{A3A41A5C-0660-4135-9B69-BA9AAE85A472}.AppStore|Any CPU.Build.0 = Debug|Any CPU
		{A3A41A5C-0660-4135-9B69-BA9AAE85A472}.AppStore|ARM.ActiveCfg = Debug|Any CPU
		{A3A41A5C-0660-4135-9B69-BA9AAE85A472}.AppStore|ARM.Build.0 = Debug|Any CPU
		{A3A41A5C-0660-4135-9B69-BA9AAE85A472}.AppStore|iPhone.ActiveCfg = Debug|Any CPU
		{A3A41A5C-0660-4135-9B69-BA9AAE85A472}.AppStore|iPhone.Build.0 = Debug|Any CPU
		{A3A41A5C-0660-4135-9B69-BA9AAE85A472}.AppStore|iPhoneSimulator.ActiveCfg = Debug|Any CPU
		{A3A41A5C-0660-4135-9B69-BA9AAE85A472}.AppStore|iPhoneSimulator.Build.0 = Debug|Any CPU
		{A3A41A5C-0660-4135-9B69-BA9AAE85A472}.AppStore|x64.ActiveCfg = Debug|Any CPU
		{A3A41A5C-0660-4135-9B69-BA9AAE85A472}.AppStore|x64.Build.0 = Debug|Any CPU
		{A3A41A5C-0660-4135-9B69-BA9AAE85A472}.AppStore|x86.ActiveCfg = Debug|Any CPU
		{A3A41A5C-0660-4135-9B69-BA9AAE85A472}.AppStore|x86.Build.0 = Debug|Any CPU
		{A3A41A5C-0660-4135-9B69-BA9AAE85A472}.Debug|Any CPU.ActiveCfg = Debug|Any CPU
		{A3A41A5C-0660-4135-9B69-BA9AAE85A472}.Debug|Any CPU.Build.0 = Debug|Any CPU
		{A3A41A5C-0660-4135-9B69-BA9AAE85A472}.Debug|ARM.ActiveCfg = Debug|Any CPU
		{A3A41A5C-0660-4135-9B69-BA9AAE85A472}.Debug|ARM.Build.0 = Debug|Any CPU
		{A3A41A5C-0660-4135-9B69-BA9AAE85A472}.Debug|iPhone.ActiveCfg = Debug|Any CPU
		{A3A41A5C-0660-4135-9B69-BA9AAE85A472}.Debug|iPhone.Build.0 = Debug|Any CPU
		{A3A41A5C-0660-4135-9B69-BA9AAE85A472}.Debug|iPhoneSimulator.ActiveCfg = Debug|Any CPU
		{A3A41A5C-0660-4135-9B69-BA9AAE85A472}.Debug|iPhoneSimulator.Build.0 = Debug|Any CPU
		{A3A41A5C-0660-4135-9B69-BA9AAE85A472}.Debug|x64.ActiveCfg = Debug|Any CPU
		{A3A41A5C-0660-4135-9B69-BA9AAE85A472}.Debug|x64.Build.0 = Debug|Any CPU
		{A3A41A5C-0660-4135-9B69-BA9AAE85A472}.Debug|x86.ActiveCfg = Debug|Any CPU
		{A3A41A5C-0660-4135-9B69-BA9AAE85A472}.Debug|x86.Build.0 = Debug|Any CPU
		{A3A41A5C-0660-4135-9B69-BA9AAE85A472}.Release|Any CPU.ActiveCfg = Release|Any CPU
		{A3A41A5C-0660-4135-9B69-BA9AAE85A472}.Release|Any CPU.Build.0 = Release|Any CPU
		{A3A41A5C-0660-4135-9B69-BA9AAE85A472}.Release|ARM.ActiveCfg = Release|Any CPU
		{A3A41A5C-0660-4135-9B69-BA9AAE85A472}.Release|ARM.Build.0 = Release|Any CPU
		{A3A41A5C-0660-4135-9B69-BA9AAE85A472}.Release|iPhone.ActiveCfg = Release|Any CPU
		{A3A41A5C-0660-4135-9B69-BA9AAE85A472}.Release|iPhone.Build.0 = Release|Any CPU
		{A3A41A5C-0660-4135-9B69-BA9AAE85A472}.Release|iPhoneSimulator.ActiveCfg = Release|Any CPU
		{A3A41A5C-0660-4135-9B69-BA9AAE85A472}.Release|iPhoneSimulator.Build.0 = Release|Any CPU
		{A3A41A5C-0660-4135-9B69-BA9AAE85A472}.Release|x64.ActiveCfg = Release|Any CPU
		{A3A41A5C-0660-4135-9B69-BA9AAE85A472}.Release|x64.Build.0 = Release|Any CPU
		{A3A41A5C-0660-4135-9B69-BA9AAE85A472}.Release|x86.ActiveCfg = Release|Any CPU
		{A3A41A5C-0660-4135-9B69-BA9AAE85A472}.Release|x86.Build.0 = Release|Any CPU
		{7520A0E8-CC48-49A9-BDF0-3E60762D66AA}.Ad-Hoc|Any CPU.ActiveCfg = Debug|Any CPU
		{7520A0E8-CC48-49A9-BDF0-3E60762D66AA}.Ad-Hoc|Any CPU.Build.0 = Debug|Any CPU
		{7520A0E8-CC48-49A9-BDF0-3E60762D66AA}.Ad-Hoc|ARM.ActiveCfg = Debug|Any CPU
		{7520A0E8-CC48-49A9-BDF0-3E60762D66AA}.Ad-Hoc|ARM.Build.0 = Debug|Any CPU
		{7520A0E8-CC48-49A9-BDF0-3E60762D66AA}.Ad-Hoc|iPhone.ActiveCfg = Debug|Any CPU
		{7520A0E8-CC48-49A9-BDF0-3E60762D66AA}.Ad-Hoc|iPhone.Build.0 = Debug|Any CPU
		{7520A0E8-CC48-49A9-BDF0-3E60762D66AA}.Ad-Hoc|iPhoneSimulator.ActiveCfg = Debug|Any CPU
		{7520A0E8-CC48-49A9-BDF0-3E60762D66AA}.Ad-Hoc|iPhoneSimulator.Build.0 = Debug|Any CPU
		{7520A0E8-CC48-49A9-BDF0-3E60762D66AA}.Ad-Hoc|x64.ActiveCfg = Debug|Any CPU
		{7520A0E8-CC48-49A9-BDF0-3E60762D66AA}.Ad-Hoc|x64.Build.0 = Debug|Any CPU
		{7520A0E8-CC48-49A9-BDF0-3E60762D66AA}.Ad-Hoc|x86.ActiveCfg = Debug|Any CPU
		{7520A0E8-CC48-49A9-BDF0-3E60762D66AA}.Ad-Hoc|x86.Build.0 = Debug|Any CPU
		{7520A0E8-CC48-49A9-BDF0-3E60762D66AA}.AppStore|Any CPU.ActiveCfg = Debug|Any CPU
		{7520A0E8-CC48-49A9-BDF0-3E60762D66AA}.AppStore|Any CPU.Build.0 = Debug|Any CPU
		{7520A0E8-CC48-49A9-BDF0-3E60762D66AA}.AppStore|ARM.ActiveCfg = Debug|Any CPU
		{7520A0E8-CC48-49A9-BDF0-3E60762D66AA}.AppStore|ARM.Build.0 = Debug|Any CPU
		{7520A0E8-CC48-49A9-BDF0-3E60762D66AA}.AppStore|iPhone.ActiveCfg = Debug|Any CPU
		{7520A0E8-CC48-49A9-BDF0-3E60762D66AA}.AppStore|iPhone.Build.0 = Debug|Any CPU
		{7520A0E8-CC48-49A9-BDF0-3E60762D66AA}.AppStore|iPhoneSimulator.ActiveCfg = Debug|Any CPU
		{7520A0E8-CC48-49A9-BDF0-3E60762D66AA}.AppStore|iPhoneSimulator.Build.0 = Debug|Any CPU
		{7520A0E8-CC48-49A9-BDF0-3E60762D66AA}.AppStore|x64.ActiveCfg = Debug|Any CPU
		{7520A0E8-CC48-49A9-BDF0-3E60762D66AA}.AppStore|x64.Build.0 = Debug|Any CPU
		{7520A0E8-CC48-49A9-BDF0-3E60762D66AA}.AppStore|x86.ActiveCfg = Debug|Any CPU
		{7520A0E8-CC48-49A9-BDF0-3E60762D66AA}.AppStore|x86.Build.0 = Debug|Any CPU
		{7520A0E8-CC48-49A9-BDF0-3E60762D66AA}.Debug|Any CPU.ActiveCfg = Debug|Any CPU
		{7520A0E8-CC48-49A9-BDF0-3E60762D66AA}.Debug|Any CPU.Build.0 = Debug|Any CPU
		{7520A0E8-CC48-49A9-BDF0-3E60762D66AA}.Debug|ARM.ActiveCfg = Debug|Any CPU
		{7520A0E8-CC48-49A9-BDF0-3E60762D66AA}.Debug|ARM.Build.0 = Debug|Any CPU
		{7520A0E8-CC48-49A9-BDF0-3E60762D66AA}.Debug|iPhone.ActiveCfg = Debug|Any CPU
		{7520A0E8-CC48-49A9-BDF0-3E60762D66AA}.Debug|iPhone.Build.0 = Debug|Any CPU
		{7520A0E8-CC48-49A9-BDF0-3E60762D66AA}.Debug|iPhoneSimulator.ActiveCfg = Debug|Any CPU
		{7520A0E8-CC48-49A9-BDF0-3E60762D66AA}.Debug|iPhoneSimulator.Build.0 = Debug|Any CPU
		{7520A0E8-CC48-49A9-BDF0-3E60762D66AA}.Debug|x64.ActiveCfg = Debug|Any CPU
		{7520A0E8-CC48-49A9-BDF0-3E60762D66AA}.Debug|x64.Build.0 = Debug|Any CPU
		{7520A0E8-CC48-49A9-BDF0-3E60762D66AA}.Debug|x86.ActiveCfg = Debug|Any CPU
		{7520A0E8-CC48-49A9-BDF0-3E60762D66AA}.Debug|x86.Build.0 = Debug|Any CPU
		{7520A0E8-CC48-49A9-BDF0-3E60762D66AA}.Release|Any CPU.ActiveCfg = Release|Any CPU
		{7520A0E8-CC48-49A9-BDF0-3E60762D66AA}.Release|Any CPU.Build.0 = Release|Any CPU
		{7520A0E8-CC48-49A9-BDF0-3E60762D66AA}.Release|ARM.ActiveCfg = Release|Any CPU
		{7520A0E8-CC48-49A9-BDF0-3E60762D66AA}.Release|ARM.Build.0 = Release|Any CPU
		{7520A0E8-CC48-49A9-BDF0-3E60762D66AA}.Release|iPhone.ActiveCfg = Release|Any CPU
		{7520A0E8-CC48-49A9-BDF0-3E60762D66AA}.Release|iPhone.Build.0 = Release|Any CPU
		{7520A0E8-CC48-49A9-BDF0-3E60762D66AA}.Release|iPhoneSimulator.ActiveCfg = Release|Any CPU
		{7520A0E8-CC48-49A9-BDF0-3E60762D66AA}.Release|iPhoneSimulator.Build.0 = Release|Any CPU
		{7520A0E8-CC48-49A9-BDF0-3E60762D66AA}.Release|x64.ActiveCfg = Release|Any CPU
		{7520A0E8-CC48-49A9-BDF0-3E60762D66AA}.Release|x64.Build.0 = Release|Any CPU
		{7520A0E8-CC48-49A9-BDF0-3E60762D66AA}.Release|x86.ActiveCfg = Release|Any CPU
		{7520A0E8-CC48-49A9-BDF0-3E60762D66AA}.Release|x86.Build.0 = Release|Any CPU
	EndGlobalSection
	GlobalSection(SolutionProperties) = preSolution
		HideSolutionNode = FALSE
	EndGlobalSection
	GlobalSection(NestedProjects) = preSolution
		{7520A0E8-CC48-49A9-BDF0-3E60762D66AA} = {7F30CE21-8848-4E2C-B49A-CF29236F55B1}
	EndGlobalSection
	GlobalSection(ExtensibilityGlobals) = postSolution
		SolutionGuid = {AC7A1A9B-D2A8-409C-B4A5-A017EFF1FDDE}
	EndGlobalSection
EndGlobal
